
Microsoft Visual Studio Solution File, Format Version 12.00
# Visual Studio 15
VisualStudioVersion = 15.0.27130.2026
MinimumVisualStudioVersion = 10.0.40219.1
Project("{9A19103F-16F7-4668-BE54-9A1E7A4F7556}") = "DAL", "DAL\DAL.csproj", "{61CF7812-CC82-406A-BE37-EF01FF81A791}"
EndProject
Project("{9A19103F-16F7-4668-BE54-9A1E7A4F7556}") = "Services", "Services\Services.csproj", "{F9B8D4BE-54EF-4776-93C9-E24E99D6FC26}"
EndProject
Project("{9A19103F-16F7-4668-BE54-9A1E7A4F7556}") = "Common", "Common\Common.csproj", "{B46F2AB8-A2B6-4F00-82AD-53E203F51512}"
EndProject
Project("{9A19103F-16F7-4668-BE54-9A1E7A4F7556}") = "ConsoleTest", "ConsoleTest\ConsoleTest.csproj", "{29E4D26C-3F7D-47C1-AB18-6BEF0A2AC4D9}"
EndProject
Project("{9A19103F-16F7-4668-BE54-9A1E7A4F7556}") = "Web", "src\Web.csproj", "{954E084F-DD29-44F6-9B13-AF1268A082E8}"
EndProject
Global
	GlobalSection(SolutionConfigurationPlatforms) = preSolution
		Debug|Any CPU = Debug|Any CPU
		Release|Any CPU = Release|Any CPU
	EndGlobalSection
	GlobalSection(ProjectConfigurationPlatforms) = postSolution
		{61CF7812-CC82-406A-BE37-EF01FF81A791}.Debug|Any CPU.ActiveCfg = Debug|Any CPU
		{61CF7812-CC82-406A-BE37-EF01FF81A791}.Debug|Any CPU.Build.0 = Debug|Any CPU
		{61CF7812-CC82-406A-BE37-EF01FF81A791}.Release|Any CPU.ActiveCfg = Release|Any CPU
		{61CF7812-CC82-406A-BE37-EF01FF81A791}.Release|Any CPU.Build.0 = Release|Any CPU
		{F9B8D4BE-54EF-4776-93C9-E24E99D6FC26}.Debug|Any CPU.ActiveCfg = Debug|Any CPU
		{F9B8D4BE-54EF-4776-93C9-E24E99D6FC26}.Debug|Any CPU.Build.0 = Debug|Any CPU
		{F9B8D4BE-54EF-4776-93C9-E24E99D6FC26}.Release|Any CPU.ActiveCfg = Release|Any CPU
		{F9B8D4BE-54EF-4776-93C9-E24E99D6FC26}.Release|Any CPU.Build.0 = Release|Any CPU
		{B46F2AB8-A2B6-4F00-82AD-53E203F51512}.Debug|Any CPU.ActiveCfg = Debug|Any CPU
		{B46F2AB8-A2B6-4F00-82AD-53E203F51512}.Debug|Any CPU.Build.0 = Debug|Any CPU
		{B46F2AB8-A2B6-4F00-82AD-53E203F51512}.Release|Any CPU.ActiveCfg = Release|Any CPU
		{B46F2AB8-A2B6-4F00-82AD-53E203F51512}.Release|Any CPU.Build.0 = Release|Any CPU
		{29E4D26C-3F7D-47C1-AB18-6BEF0A2AC4D9}.Debug|Any CPU.ActiveCfg = Debug|Any CPU
		{29E4D26C-3F7D-47C1-AB18-6BEF0A2AC4D9}.Debug|Any CPU.Build.0 = Debug|Any CPU
		{29E4D26C-3F7D-47C1-AB18-6BEF0A2AC4D9}.Release|Any CPU.ActiveCfg = Release|Any CPU
		{29E4D26C-3F7D-47C1-AB18-6BEF0A2AC4D9}.Release|Any CPU.Build.0 = Release|Any CPU
		{954E084F-DD29-44F6-9B13-AF1268A082E8}.Debug|Any CPU.ActiveCfg = Debug|Any CPU
		{954E084F-DD29-44F6-9B13-AF1268A082E8}.Debug|Any CPU.Build.0 = Debug|Any CPU
		{954E084F-DD29-44F6-9B13-AF1268A082E8}.Release|Any CPU.ActiveCfg = Release|Any CPU
		{954E084F-DD29-44F6-9B13-AF1268A082E8}.Release|Any CPU.Build.0 = Release|Any CPU
	EndGlobalSection
	GlobalSection(SolutionProperties) = preSolution
		HideSolutionNode = FALSE
	EndGlobalSection
	GlobalSection(ExtensibilityGlobals) = postSolution
		SolutionGuid = {D11E7283-3D0B-4188-8FD3-5EF3B33B590A}
	EndGlobalSection
EndGlobal
