
Microsoft Visual Studio Solution File, Format Version 12.00
# Visual Studio 15
VisualStudioVersion = 15.0.27130.2020
MinimumVisualStudioVersion = 10.0.40219.1
Project("{9A19103F-16F7-4668-BE54-9A1E7A4F7556}") = "DAL", "DAL\DAL.csproj", "{61CF7812-CC82-406A-BE37-EF01FF81A791}"
EndProject
Project("{FAE04EC0-301F-11D3-BF4B-00C04F79EFBC}") = "Web", "Web\Web.csproj", "{FF6F4C5C-F799-4B59-AF1A-328FF0CBB41D}"
EndProject
Project("{FAE04EC0-301F-11D3-BF4B-00C04F79EFBC}") = "Services", "Services\Services.csproj", "{F9B8D4BE-54EF-4776-93C9-E24E99D6FC26}"
EndProject
Global
	GlobalSection(SolutionConfigurationPlatforms) = preSolution
		Debug|Any CPU = Debug|Any CPU
		Release|Any CPU = Release|Any CPU
	EndGlobalSection
	GlobalSection(ProjectConfigurationPlatforms) = postSolution
		{61CF7812-CC82-406A-BE37-EF01FF81A791}.Debug|Any CPU.ActiveCfg = Debug|Any CPU
		{61CF7812-CC82-406A-BE37-EF01FF81A791}.Debug|Any CPU.Build.0 = Debug|Any CPU
		{61CF7812-CC82-406A-BE37-EF01FF81A791}.Release|Any CPU.ActiveCfg = Release|Any CPU
		{61CF7812-CC82-406A-BE37-EF01FF81A791}.Release|Any CPU.Build.0 = Release|Any CPU
		{FF6F4C5C-F799-4B59-AF1A-328FF0CBB41D}.Debug|Any CPU.ActiveCfg = Debug|Any CPU
		{FF6F4C5C-F799-4B59-AF1A-328FF0CBB41D}.Debug|Any CPU.Build.0 = Debug|Any CPU
		{FF6F4C5C-F799-4B59-AF1A-328FF0CBB41D}.Release|Any CPU.ActiveCfg = Release|Any CPU
		{FF6F4C5C-F799-4B59-AF1A-328FF0CBB41D}.Release|Any CPU.Build.0 = Release|Any CPU
		{F9B8D4BE-54EF-4776-93C9-E24E99D6FC26}.Debug|Any CPU.ActiveCfg = Debug|Any CPU
		{F9B8D4BE-54EF-4776-93C9-E24E99D6FC26}.Debug|Any CPU.Build.0 = Debug|Any CPU
		{F9B8D4BE-54EF-4776-93C9-E24E99D6FC26}.Release|Any CPU.ActiveCfg = Release|Any CPU
		{F9B8D4BE-54EF-4776-93C9-E24E99D6FC26}.Release|Any CPU.Build.0 = Release|Any CPU
	EndGlobalSection
	GlobalSection(SolutionProperties) = preSolution
		HideSolutionNode = FALSE
	EndGlobalSection
	GlobalSection(ExtensibilityGlobals) = postSolution
		SolutionGuid = {D11E7283-3D0B-4188-8FD3-5EF3B33B590A}
	EndGlobalSection
EndGlobal
